
Microsoft Visual Studio Solution File, Format Version 12.00
Project("{FAE04EC0-301F-11D3-BF4B-00C04F79EFBC}") = "CoreLibs", "CoreLibs\CoreLibs.csproj", "{299FCC1F-60F1-4F04-9692-B0AA25F95A86}"
EndProject
Project("{FAE04EC0-301F-11D3-BF4B-00C04F79EFBC}") = "TestMyGame", "TestMyGame\TestMyGame.csproj", "{041D9192-D7B7-4532-970A-85B66ABDB58C}"
EndProject
Project("{2150E333-8FDC-42A3-9474-1A3956D46DE8}") = "Test", "Test", "{FE6B29F4-3B4A-453B-AF25-6E5D0A7FD48D}"
EndProject
Project("{FAE04EC0-301F-11D3-BF4B-00C04F79EFBC}") = "CoreLibs.Test", "Test\CoreLibs.Test\CoreLibs.Test.csproj", "{9D425D98-9872-43CB-8788-AB12AC23A960}"
EndProject
Project("{FAE04EC0-301F-11D3-BF4B-00C04F79EFBC}") = "AsciiRenderer", "AsciiRenderer\AsciiRenderer.csproj", "{AA3F2E65-6AE1-468F-9525-6C1DBB42FA45}"
EndProject
Global
	GlobalSection(SolutionConfigurationPlatforms) = preSolution
		Debug|Any CPU = Debug|Any CPU
		Release|Any CPU = Release|Any CPU
	EndGlobalSection
	GlobalSection(ProjectConfigurationPlatforms) = postSolution
		{299FCC1F-60F1-4F04-9692-B0AA25F95A86}.Debug|Any CPU.ActiveCfg = Debug|Any CPU
		{299FCC1F-60F1-4F04-9692-B0AA25F95A86}.Debug|Any CPU.Build.0 = Debug|Any CPU
		{299FCC1F-60F1-4F04-9692-B0AA25F95A86}.Release|Any CPU.ActiveCfg = Release|Any CPU
		{299FCC1F-60F1-4F04-9692-B0AA25F95A86}.Release|Any CPU.Build.0 = Release|Any CPU
		{041D9192-D7B7-4532-970A-85B66ABDB58C}.Debug|Any CPU.ActiveCfg = Debug|Any CPU
		{041D9192-D7B7-4532-970A-85B66ABDB58C}.Debug|Any CPU.Build.0 = Debug|Any CPU
		{041D9192-D7B7-4532-970A-85B66ABDB58C}.Release|Any CPU.ActiveCfg = Release|Any CPU
		{041D9192-D7B7-4532-970A-85B66ABDB58C}.Release|Any CPU.Build.0 = Release|Any CPU
		{9D425D98-9872-43CB-8788-AB12AC23A960}.Debug|Any CPU.ActiveCfg = Debug|Any CPU
		{9D425D98-9872-43CB-8788-AB12AC23A960}.Debug|Any CPU.Build.0 = Debug|Any CPU
		{9D425D98-9872-43CB-8788-AB12AC23A960}.Release|Any CPU.ActiveCfg = Release|Any CPU
		{9D425D98-9872-43CB-8788-AB12AC23A960}.Release|Any CPU.Build.0 = Release|Any CPU
		{AA3F2E65-6AE1-468F-9525-6C1DBB42FA45}.Debug|Any CPU.ActiveCfg = Debug|Any CPU
		{AA3F2E65-6AE1-468F-9525-6C1DBB42FA45}.Debug|Any CPU.Build.0 = Debug|Any CPU
		{AA3F2E65-6AE1-468F-9525-6C1DBB42FA45}.Release|Any CPU.ActiveCfg = Release|Any CPU
		{AA3F2E65-6AE1-468F-9525-6C1DBB42FA45}.Release|Any CPU.Build.0 = Release|Any CPU
	EndGlobalSection
	GlobalSection(NestedProjects) = preSolution
		{9D425D98-9872-43CB-8788-AB12AC23A960} = {FE6B29F4-3B4A-453B-AF25-6E5D0A7FD48D}
	EndGlobalSection
EndGlobal
